{
  "version": "5",
  "specifiers": {
    "npm:@supabase/supabase-js@2": "2.56.0"
  },
  "npm": {
    "@supabase/auth-js@2.71.1": {
      "integrity": "sha512-mMIQHBRc+SKpZFRB2qtupuzulaUhFYupNyxqDj5Jp/LyPvcWvjaJzZzObv6URtL/O6lPxkanASnotGtNpS3H2Q==",
      "dependencies": [
        "@supabase/node-fetch"
      ]
    },
    "@supabase/functions-js@2.4.5": {
      "integrity": "sha512-v5GSqb9zbosquTo6gBwIiq7W9eQ7rE5QazsK/ezNiQXdCbY+bH8D9qEaBIkhVvX4ZRW5rP03gEfw5yw9tiq4EQ==",
      "dependencies": [
        "@supabase/node-fetch"
      ]
    },
    "@supabase/node-fetch@2.6.15": {
      "integrity": "sha512-1ibVeYUacxWYi9i0cf5efil6adJ9WRyZBLivgjs+AUpewx1F3xPi7gLgaASI2SmIQxPoCEjAsLAzKPgMJVgOUQ==",
      "dependencies": [
        "whatwg-url"
      ]
    },
    "@supabase/postgrest-js@1.21.3": {
      "integrity": "sha512-rg3DmmZQKEVCreXq6Am29hMVe1CzemXyIWVYyyua69y6XubfP+DzGfLxME/1uvdgwqdoaPbtjBDpEBhqxq1ZwA==",
      "dependencies": [
        "@supabase/node-fetch"
      ]
    },
    "@supabase/realtime-js@2.15.1": {
      "integrity": "sha512-edRFa2IrQw50kNntvUyS38hsL7t2d/psah6om6aNTLLcWem0R6bOUq7sk7DsGeSlNfuwEwWn57FdYSva6VddYw==",
      "dependencies": [
        "@supabase/node-fetch",
        "@types/phoenix",
        "@types/ws",
        "ws"
      ]
    },
    "@supabase/storage-js@2.11.0": {
      "integrity": "sha512-Y+kx/wDgd4oasAgoAq0bsbQojwQ+ejIif8uczZ9qufRHWFLMU5cODT+ApHsSrDufqUcVKt+eyxtOXSkeh2v9ww==",
      "dependencies": [
        "@supabase/node-fetch"
      ]
    },
    "@supabase/supabase-js@2.56.0": {
      "integrity": "sha512-XqwhHSyVnkjdliPN61CmXsmFGnFHTX2WDdwjG3Ukvdzuu3Trix+dXupYOQ3BueIyYp7B6t0yYpdQtJP2hIInyg==",
      "dependencies": [
        "@supabase/auth-js",
        "@supabase/functions-js",
        "@supabase/node-fetch",
        "@supabase/postgrest-js",
        "@supabase/realtime-js",
        "@supabase/storage-js"
      ]
    },
    "@types/node@22.15.15": {
      "integrity": "sha512-R5muMcZob3/Jjchn5LcO8jdKwSCbzqmPB6ruBxMcf9kbxtniZHP327s6C37iOfuw8mbKK3cAQa7sEl7afLrQ8A==",
      "dependencies": [
        "undici-types"
      ]
    },
    "@types/phoenix@1.6.6": {
      "integrity": "sha512-PIzZZlEppgrpoT2QgbnDU+MMzuR6BbCjllj0bM70lWoejMeNJAxCchxnv7J3XFkI8MpygtRpzXrIlmWUBclP5A=="
    },
    "@types/ws@8.18.1": {
      "integrity": "sha512-ThVF6DCVhA8kUGy+aazFQ4kXQ7E1Ty7A3ypFOe0IcJV8O/M511G99AW24irKrW56Wt44yG9+ij8FaqoBGkuBXg==",
      "dependencies": [
        "@types/node"
      ]
    },
    "tr46@0.0.3": {
      "integrity": "sha512-N3WMsuqV66lT30CrXNbEjx4GEwlow3v6rr4mCcv6prnfwhS01rkgyFdjPNBYd9br7LpXV1+Emh01fHnq2Gdgrw=="
    },
    "undici-types@6.21.0": {
      "integrity": "sha512-iwDZqg0QAGrg9Rav5H4n0M64c3mkR59cJ6wQp+7C4nI0gsmExaedaYLNO44eT4AtBBwjbTiGPMlt2Md0T9H9JQ=="
    },
    "webidl-conversions@3.0.1": {
      "integrity": "sha512-2JAn3z8AR6rjK8Sm8orRC0h/bcl/DqL7tRPdGZ4I1CjdF+EaMLmYxBHyXuKL849eucPFhvBoxMsflfOb8kxaeQ=="
    },
    "whatwg-url@5.0.0": {
      "integrity": "sha512-saE57nupxk6v3HY35+jzBwYa0rKSy0XR8JSxZPwgLr7ys0IBzhGviA1/TUGJLmSVqs8pb9AnvICXEuOHLprYTw==",
      "dependencies": [
        "tr46",
        "webidl-conversions"
      ]
    },
    "ws@8.18.3": {
      "integrity": "sha512-PEIGCY5tSlUt50cqyMXfCzX+oOPqN0vuGqWzbcJ2xvnkzkq46oOpz7dQaTDBdfICb4N14+GARUDw2XV2N4tvzg=="
    }
  },
  "remote": {
    "https://deno.land/x/nanoid@v3.0.0/async.ts": "654420a3b480b46393538c96a2690af1aa7cbe2fae5614054068c53f8d0679d4",
    "https://deno.land/x/nanoid@v3.0.0/customAlphabet.ts": "1cfd7cfd2f07ca8d78a7e7855fcc9f59abf01ef2a127484ef94328fadf940ead",
    "https://deno.land/x/nanoid@v3.0.0/customRandom.ts": "af56e19038c891a4b4ef2be931554c27579bd407ee5bbea5cb64f6ee1347cbe3",
    "https://deno.land/x/nanoid@v3.0.0/mod.ts": "3ead610e40c58d8fdca21d5da9ec661445a2b82526e19c34d05de5f90be8a1be",
    "https://deno.land/x/nanoid@v3.0.0/nanoid.ts": "8d119bc89a0f34e7bbe0c2dbdc280d01753e431af553d189663492310a31085d",
    "https://deno.land/x/nanoid@v3.0.0/random.ts": "4da71d5f72f2bfcc6a4ee79b5d4e72f48dcf4fe4c3835fd5ebab08b9f33cd598",
    "https://deno.land/x/nanoid@v3.0.0/urlAlphabet.ts": "8b1511deb1ecb23c66202b6000dc10fb68f9a96b5550c6c8cef5009324793431"
  },
  "workspace": {
    "dependencies": [
      "npm:@supabase/supabase-js@2"
    ]
  }
}
